
Microsoft Visual Studio Solution File, Format Version 12.00
# Visual Studio 15
VisualStudioVersion = 15.0.26730.10
MinimumVisualStudioVersion = 10.0.40219.1

Project("{6EC3EE1D-3C4E-46DD-8F32-0CC8E7565705}") = "FabulousGitFollowers", "FabulousGitFollowers\FabulousGitFollowers.fsproj", "{107D39DD-4EF5-4A1A-8C73-373CE39EFFEF}"
EndProject

Project("{F2A71F9B-5D33-465A-A702-920D77279786}") = "FabulousGitFollowers.Android", "FabulousGitFollowers.Android\FabulousGitFollowers.Android.fsproj", "{D777C3DB-B175-4608-B2EB-787AE6BB9054}"
EndProject


Project("{F2A71F9B-5D33-465A-A702-920D77279786}") = "FabulousGitFollowers.iOS", "FabulousGitFollowers.iOS\FabulousGitFollowers.iOS.fsproj", "{51AE615D-E1A7-4A72-95CA-AE6FD8FB8DF0}"
EndProject




Global
	GlobalSection(SolutionConfigurationPlatforms) = preSolution
		Ad-Hoc|Any CPU = Ad-Hoc|Any CPU
		Ad-Hoc|ARM = Ad-Hoc|ARM
		Ad-Hoc|iPhone = Ad-Hoc|iPhone
		Ad-Hoc|iPhoneSimulator = Ad-Hoc|iPhoneSimulator
		Ad-Hoc|x64 = Ad-Hoc|x64
		Ad-Hoc|x86 = Ad-Hoc|x86
		AppStore|Any CPU = AppStore|Any CPU
		AppStore|ARM = AppStore|ARM
		AppStore|iPhone = AppStore|iPhone
		AppStore|iPhoneSimulator = AppStore|iPhoneSimulator
		AppStore|x64 = AppStore|x64
		AppStore|x86 = AppStore|x86
		Debug|Any CPU = Debug|Any CPU
		Debug|ARM = Debug|ARM
		Debug|iPhone = Debug|iPhone
		Debug|iPhoneSimulator = Debug|iPhoneSimulator
		Debug|x64 = Debug|x64
		Debug|x86 = Debug|x86
		Release|Any CPU = Release|Any CPU
		Release|ARM = Release|ARM
		Release|iPhone = Release|iPhone
		Release|iPhoneSimulator = Release|iPhoneSimulator
		Release|x64 = Release|x64
		Release|x86 = Release|x86
	EndGlobalSection
	GlobalSection(ProjectConfigurationPlatforms) = postSolution
		{107D39DD-4EF5-4A1A-8C73-373CE39EFFEF}.Ad-Hoc|Any CPU.ActiveCfg = Debug|Any CPU
		{107D39DD-4EF5-4A1A-8C73-373CE39EFFEF}.Ad-Hoc|Any CPU.Build.0 = Debug|Any CPU
		{107D39DD-4EF5-4A1A-8C73-373CE39EFFEF}.Ad-Hoc|ARM.ActiveCfg = Debug|Any CPU
		{107D39DD-4EF5-4A1A-8C73-373CE39EFFEF}.Ad-Hoc|ARM.Build.0 = Debug|Any CPU
		{107D39DD-4EF5-4A1A-8C73-373CE39EFFEF}.Ad-Hoc|iPhone.ActiveCfg = Debug|Any CPU
		{107D39DD-4EF5-4A1A-8C73-373CE39EFFEF}.Ad-Hoc|iPhone.Build.0 = Debug|Any CPU
		{107D39DD-4EF5-4A1A-8C73-373CE39EFFEF}.Ad-Hoc|iPhoneSimulator.ActiveCfg = Debug|Any CPU
		{107D39DD-4EF5-4A1A-8C73-373CE39EFFEF}.Ad-Hoc|iPhoneSimulator.Build.0 = Debug|Any CPU
		{107D39DD-4EF5-4A1A-8C73-373CE39EFFEF}.Ad-Hoc|x64.ActiveCfg = Debug|Any CPU
		{107D39DD-4EF5-4A1A-8C73-373CE39EFFEF}.Ad-Hoc|x64.Build.0 = Debug|Any CPU
		{107D39DD-4EF5-4A1A-8C73-373CE39EFFEF}.Ad-Hoc|x86.ActiveCfg = Debug|Any CPU
		{107D39DD-4EF5-4A1A-8C73-373CE39EFFEF}.Ad-Hoc|x86.Build.0 = Debug|Any CPU
		{107D39DD-4EF5-4A1A-8C73-373CE39EFFEF}.AppStore|Any CPU.ActiveCfg = Debug|Any CPU
		{107D39DD-4EF5-4A1A-8C73-373CE39EFFEF}.AppStore|Any CPU.Build.0 = Debug|Any CPU
		{107D39DD-4EF5-4A1A-8C73-373CE39EFFEF}.AppStore|ARM.ActiveCfg = Debug|Any CPU
		{107D39DD-4EF5-4A1A-8C73-373CE39EFFEF}.AppStore|ARM.Build.0 = Debug|Any CPU
		{107D39DD-4EF5-4A1A-8C73-373CE39EFFEF}.AppStore|iPhone.ActiveCfg = Debug|Any CPU
		{107D39DD-4EF5-4A1A-8C73-373CE39EFFEF}.AppStore|iPhone.Build.0 = Debug|Any CPU
		{107D39DD-4EF5-4A1A-8C73-373CE39EFFEF}.AppStore|iPhoneSimulator.ActiveCfg = Debug|Any CPU
		{107D39DD-4EF5-4A1A-8C73-373CE39EFFEF}.AppStore|iPhoneSimulator.Build.0 = Debug|Any CPU
		{107D39DD-4EF5-4A1A-8C73-373CE39EFFEF}.AppStore|x64.ActiveCfg = Debug|Any CPU
		{107D39DD-4EF5-4A1A-8C73-373CE39EFFEF}.AppStore|x64.Build.0 = Debug|Any CPU
		{107D39DD-4EF5-4A1A-8C73-373CE39EFFEF}.AppStore|x86.ActiveCfg = Debug|Any CPU
		{107D39DD-4EF5-4A1A-8C73-373CE39EFFEF}.AppStore|x86.Build.0 = Debug|Any CPU
		{107D39DD-4EF5-4A1A-8C73-373CE39EFFEF}.Debug|Any CPU.ActiveCfg = Debug|Any CPU
		{107D39DD-4EF5-4A1A-8C73-373CE39EFFEF}.Debug|Any CPU.Build.0 = Debug|Any CPU
		{107D39DD-4EF5-4A1A-8C73-373CE39EFFEF}.Debug|ARM.ActiveCfg = Debug|Any CPU
		{107D39DD-4EF5-4A1A-8C73-373CE39EFFEF}.Debug|ARM.Build.0 = Debug|Any CPU
		{107D39DD-4EF5-4A1A-8C73-373CE39EFFEF}.Debug|iPhone.ActiveCfg = Debug|Any CPU
		{107D39DD-4EF5-4A1A-8C73-373CE39EFFEF}.Debug|iPhone.Build.0 = Debug|Any CPU
		{107D39DD-4EF5-4A1A-8C73-373CE39EFFEF}.Debug|iPhoneSimulator.ActiveCfg = Debug|Any CPU
		{107D39DD-4EF5-4A1A-8C73-373CE39EFFEF}.Debug|iPhoneSimulator.Build.0 = Debug|Any CPU
		{107D39DD-4EF5-4A1A-8C73-373CE39EFFEF}.Debug|x64.ActiveCfg = Debug|Any CPU
		{107D39DD-4EF5-4A1A-8C73-373CE39EFFEF}.Debug|x64.Build.0 = Debug|Any CPU
		{107D39DD-4EF5-4A1A-8C73-373CE39EFFEF}.Debug|x86.ActiveCfg = Debug|Any CPU
		{107D39DD-4EF5-4A1A-8C73-373CE39EFFEF}.Debug|x86.Build.0 = Debug|Any CPU
		{107D39DD-4EF5-4A1A-8C73-373CE39EFFEF}.Release|Any CPU.ActiveCfg = Release|Any CPU
		{107D39DD-4EF5-4A1A-8C73-373CE39EFFEF}.Release|Any CPU.Build.0 = Release|Any CPU
		{107D39DD-4EF5-4A1A-8C73-373CE39EFFEF}.Release|ARM.ActiveCfg = Release|Any CPU
		{107D39DD-4EF5-4A1A-8C73-373CE39EFFEF}.Release|ARM.Build.0 = Release|Any CPU
		{107D39DD-4EF5-4A1A-8C73-373CE39EFFEF}.Release|iPhone.ActiveCfg = Release|Any CPU
		{107D39DD-4EF5-4A1A-8C73-373CE39EFFEF}.Release|iPhone.Build.0 = Release|Any CPU
		{107D39DD-4EF5-4A1A-8C73-373CE39EFFEF}.Release|iPhoneSimulator.ActiveCfg = Release|Any CPU
		{107D39DD-4EF5-4A1A-8C73-373CE39EFFEF}.Release|iPhoneSimulator.Build.0 = Release|Any CPU
		{107D39DD-4EF5-4A1A-8C73-373CE39EFFEF}.Release|x64.ActiveCfg = Release|Any CPU
		{107D39DD-4EF5-4A1A-8C73-373CE39EFFEF}.Release|x64.Build.0 = Release|Any CPU
		{107D39DD-4EF5-4A1A-8C73-373CE39EFFEF}.Release|x86.ActiveCfg = Release|Any CPU
		{107D39DD-4EF5-4A1A-8C73-373CE39EFFEF}.Release|x86.Build.0 = Release|Any CPU
		{51AE615D-E1A7-4A72-95CA-AE6FD8FB8DF0}.Ad-Hoc|Any CPU.ActiveCfg = Ad-Hoc|iPhone
		{51AE615D-E1A7-4A72-95CA-AE6FD8FB8DF0}.Ad-Hoc|ARM.ActiveCfg = Ad-Hoc|iPhone
		{51AE615D-E1A7-4A72-95CA-AE6FD8FB8DF0}.Ad-Hoc|iPhone.ActiveCfg = Ad-Hoc|iPhone
		{51AE615D-E1A7-4A72-95CA-AE6FD8FB8DF0}.Ad-Hoc|iPhone.Build.0 = Ad-Hoc|iPhone
		{51AE615D-E1A7-4A72-95CA-AE6FD8FB8DF0}.Ad-Hoc|iPhoneSimulator.ActiveCfg = Ad-Hoc|iPhoneSimulator
		{51AE615D-E1A7-4A72-95CA-AE6FD8FB8DF0}.Ad-Hoc|iPhoneSimulator.Build.0 = Ad-Hoc|iPhoneSimulator
		{51AE615D-E1A7-4A72-95CA-AE6FD8FB8DF0}.Ad-Hoc|x64.ActiveCfg = Ad-Hoc|iPhone
		{51AE615D-E1A7-4A72-95CA-AE6FD8FB8DF0}.Ad-Hoc|x86.ActiveCfg = Ad-Hoc|iPhone
		{51AE615D-E1A7-4A72-95CA-AE6FD8FB8DF0}.AppStore|Any CPU.ActiveCfg = AppStore|iPhone
		{51AE615D-E1A7-4A72-95CA-AE6FD8FB8DF0}.AppStore|ARM.ActiveCfg = AppStore|iPhone
		{51AE615D-E1A7-4A72-95CA-AE6FD8FB8DF0}.AppStore|iPhone.ActiveCfg = AppStore|iPhone
		{51AE615D-E1A7-4A72-95CA-AE6FD8FB8DF0}.AppStore|iPhone.Build.0 = AppStore|iPhone
		{51AE615D-E1A7-4A72-95CA-AE6FD8FB8DF0}.AppStore|iPhoneSimulator.ActiveCfg = AppStore|iPhoneSimulator
		{51AE615D-E1A7-4A72-95CA-AE6FD8FB8DF0}.AppStore|iPhoneSimulator.Build.0 = AppStore|iPhoneSimulator
		{51AE615D-E1A7-4A72-95CA-AE6FD8FB8DF0}.AppStore|x64.ActiveCfg = AppStore|iPhone
		{51AE615D-E1A7-4A72-95CA-AE6FD8FB8DF0}.AppStore|x86.ActiveCfg = AppStore|iPhone
		{51AE615D-E1A7-4A72-95CA-AE6FD8FB8DF0}.Debug|Any CPU.ActiveCfg = Debug|iPhone
		{51AE615D-E1A7-4A72-95CA-AE6FD8FB8DF0}.Debug|ARM.ActiveCfg = Debug|iPhone
		{51AE615D-E1A7-4A72-95CA-AE6FD8FB8DF0}.Debug|iPhone.ActiveCfg = Debug|iPhone
		{51AE615D-E1A7-4A72-95CA-AE6FD8FB8DF0}.Debug|iPhone.Build.0 = Debug|iPhone
		{51AE615D-E1A7-4A72-95CA-AE6FD8FB8DF0}.Debug|iPhoneSimulator.ActiveCfg = Debug|iPhoneSimulator
		{51AE615D-E1A7-4A72-95CA-AE6FD8FB8DF0}.Debug|iPhoneSimulator.Build.0 = Debug|iPhoneSimulator
		{51AE615D-E1A7-4A72-95CA-AE6FD8FB8DF0}.Debug|x64.ActiveCfg = Debug|iPhone
		{51AE615D-E1A7-4A72-95CA-AE6FD8FB8DF0}.Debug|x86.ActiveCfg = Debug|iPhone
		{51AE615D-E1A7-4A72-95CA-AE6FD8FB8DF0}.Release|Any CPU.ActiveCfg = Release|iPhone
		{51AE615D-E1A7-4A72-95CA-AE6FD8FB8DF0}.Release|ARM.ActiveCfg = Release|iPhone
		{51AE615D-E1A7-4A72-95CA-AE6FD8FB8DF0}.Release|iPhone.ActiveCfg = Release|iPhone
		{51AE615D-E1A7-4A72-95CA-AE6FD8FB8DF0}.Release|iPhone.Build.0 = Release|iPhone
		{51AE615D-E1A7-4A72-95CA-AE6FD8FB8DF0}.Release|iPhoneSimulator.ActiveCfg = Release|iPhoneSimulator
		{51AE615D-E1A7-4A72-95CA-AE6FD8FB8DF0}.Release|iPhoneSimulator.Build.0 = Release|iPhoneSimulator
		{51AE615D-E1A7-4A72-95CA-AE6FD8FB8DF0}.Release|x64.ActiveCfg = Release|iPhone
		{51AE615D-E1A7-4A72-95CA-AE6FD8FB8DF0}.Release|x86.ActiveCfg = Release|iPhone
		{E6F09CB4-73AB-4415-B551-1C7BB344DDDB}.Ad-Hoc|Any CPU.ActiveCfg = Release|x86
		{E6F09CB4-73AB-4415-B551-1C7BB344DDDB}.Ad-Hoc|Any CPU.Build.0 = Release|x86
		{E6F09CB4-73AB-4415-B551-1C7BB344DDDB}.Ad-Hoc|Any CPU.Deploy.0 = Release|x86
		{E6F09CB4-73AB-4415-B551-1C7BB344DDDB}.Ad-Hoc|ARM.ActiveCfg = Release|ARM
		{E6F09CB4-73AB-4415-B551-1C7BB344DDDB}.Ad-Hoc|ARM.Build.0 = Release|ARM
		{E6F09CB4-73AB-4415-B551-1C7BB344DDDB}.Ad-Hoc|ARM.Deploy.0 = Release|ARM
		{E6F09CB4-73AB-4415-B551-1C7BB344DDDB}.Ad-Hoc|iPhone.ActiveCfg = Release|x86
		{E6F09CB4-73AB-4415-B551-1C7BB344DDDB}.Ad-Hoc|iPhone.Build.0 = Release|x86
		{E6F09CB4-73AB-4415-B551-1C7BB344DDDB}.Ad-Hoc|iPhone.Deploy.0 = Release|x86
		{E6F09CB4-73AB-4415-B551-1C7BB344DDDB}.Ad-Hoc|iPhoneSimulator.ActiveCfg = Release|x86
		{E6F09CB4-73AB-4415-B551-1C7BB344DDDB}.Ad-Hoc|iPhoneSimulator.Build.0 = Release|x86
		{E6F09CB4-73AB-4415-B551-1C7BB344DDDB}.Ad-Hoc|iPhoneSimulator.Deploy.0 = Release|x86
		{E6F09CB4-73AB-4415-B551-1C7BB344DDDB}.Ad-Hoc|x64.ActiveCfg = Release|x64
		{E6F09CB4-73AB-4415-B551-1C7BB344DDDB}.Ad-Hoc|x64.Build.0 = Release|x64
		{E6F09CB4-73AB-4415-B551-1C7BB344DDDB}.Ad-Hoc|x64.Deploy.0 = Release|x64
		{E6F09CB4-73AB-4415-B551-1C7BB344DDDB}.Ad-Hoc|x86.ActiveCfg = Release|x86
		{E6F09CB4-73AB-4415-B551-1C7BB344DDDB}.Ad-Hoc|x86.Build.0 = Release|x86
		{E6F09CB4-73AB-4415-B551-1C7BB344DDDB}.Ad-Hoc|x86.Deploy.0 = Release|x86
		{E6F09CB4-73AB-4415-B551-1C7BB344DDDB}.AppStore|Any CPU.ActiveCfg = Release|x86
		{E6F09CB4-73AB-4415-B551-1C7BB344DDDB}.AppStore|Any CPU.Build.0 = Release|x86
		{E6F09CB4-73AB-4415-B551-1C7BB344DDDB}.AppStore|Any CPU.Deploy.0 = Release|x86
		{E6F09CB4-73AB-4415-B551-1C7BB344DDDB}.AppStore|ARM.ActiveCfg = Release|ARM
		{E6F09CB4-73AB-4415-B551-1C7BB344DDDB}.AppStore|ARM.Build.0 = Release|ARM
		{E6F09CB4-73AB-4415-B551-1C7BB344DDDB}.AppStore|ARM.Deploy.0 = Release|ARM
		{E6F09CB4-73AB-4415-B551-1C7BB344DDDB}.AppStore|iPhone.ActiveCfg = Release|x86
		{E6F09CB4-73AB-4415-B551-1C7BB344DDDB}.AppStore|iPhone.Build.0 = Release|x86
		{E6F09CB4-73AB-4415-B551-1C7BB344DDDB}.AppStore|iPhone.Deploy.0 = Release|x86
		{E6F09CB4-73AB-4415-B551-1C7BB344DDDB}.AppStore|iPhoneSimulator.ActiveCfg = Release|x86
		{E6F09CB4-73AB-4415-B551-1C7BB344DDDB}.AppStore|iPhoneSimulator.Build.0 = Release|x86
		{E6F09CB4-73AB-4415-B551-1C7BB344DDDB}.AppStore|iPhoneSimulator.Deploy.0 = Release|x86
		{E6F09CB4-73AB-4415-B551-1C7BB344DDDB}.AppStore|x64.ActiveCfg = Release|x64
		{E6F09CB4-73AB-4415-B551-1C7BB344DDDB}.AppStore|x64.Build.0 = Release|x64
		{E6F09CB4-73AB-4415-B551-1C7BB344DDDB}.AppStore|x64.Deploy.0 = Release|x64
		{E6F09CB4-73AB-4415-B551-1C7BB344DDDB}.AppStore|x86.ActiveCfg = Release|x86
		{E6F09CB4-73AB-4415-B551-1C7BB344DDDB}.AppStore|x86.Build.0 = Release|x86
		{E6F09CB4-73AB-4415-B551-1C7BB344DDDB}.AppStore|x86.Deploy.0 = Release|x86
		{E6F09CB4-73AB-4415-B551-1C7BB344DDDB}.Debug|Any CPU.ActiveCfg = Debug|x86
		{E6F09CB4-73AB-4415-B551-1C7BB344DDDB}.Debug|ARM.ActiveCfg = Debug|ARM
		{E6F09CB4-73AB-4415-B551-1C7BB344DDDB}.Debug|ARM.Build.0 = Debug|ARM
		{E6F09CB4-73AB-4415-B551-1C7BB344DDDB}.Debug|ARM.Deploy.0 = Debug|ARM
		{E6F09CB4-73AB-4415-B551-1C7BB344DDDB}.Debug|iPhone.ActiveCfg = Debug|x86
		{E6F09CB4-73AB-4415-B551-1C7BB344DDDB}.Debug|iPhoneSimulator.ActiveCfg = Debug|x86
		{E6F09CB4-73AB-4415-B551-1C7BB344DDDB}.Debug|x64.ActiveCfg = Debug|x64
		{E6F09CB4-73AB-4415-B551-1C7BB344DDDB}.Debug|x64.Build.0 = Debug|x64
		{E6F09CB4-73AB-4415-B551-1C7BB344DDDB}.Debug|x64.Deploy.0 = Debug|x64
		{E6F09CB4-73AB-4415-B551-1C7BB344DDDB}.Debug|x86.ActiveCfg = Debug|x86
		{E6F09CB4-73AB-4415-B551-1C7BB344DDDB}.Debug|x86.Build.0 = Debug|x86
		{E6F09CB4-73AB-4415-B551-1C7BB344DDDB}.Debug|x86.Deploy.0 = Debug|x86
		{E6F09CB4-73AB-4415-B551-1C7BB344DDDB}.Release|Any CPU.ActiveCfg = Release|x86
		{E6F09CB4-73AB-4415-B551-1C7BB344DDDB}.Release|ARM.ActiveCfg = Release|ARM
		{E6F09CB4-73AB-4415-B551-1C7BB344DDDB}.Release|ARM.Build.0 = Release|ARM
		{E6F09CB4-73AB-4415-B551-1C7BB344DDDB}.Release|ARM.Deploy.0 = Release|ARM
		{E6F09CB4-73AB-4415-B551-1C7BB344DDDB}.Release|iPhone.ActiveCfg = Release|x86
		{E6F09CB4-73AB-4415-B551-1C7BB344DDDB}.Release|iPhoneSimulator.ActiveCfg = Release|x86
		{E6F09CB4-73AB-4415-B551-1C7BB344DDDB}.Release|x64.ActiveCfg = Release|x64
		{E6F09CB4-73AB-4415-B551-1C7BB344DDDB}.Release|x64.Build.0 = Release|x64
		{E6F09CB4-73AB-4415-B551-1C7BB344DDDB}.Release|x64.Deploy.0 = Release|x64
		{E6F09CB4-73AB-4415-B551-1C7BB344DDDB}.Release|x86.ActiveCfg = Release|x86
		{E6F09CB4-73AB-4415-B551-1C7BB344DDDB}.Release|x86.Build.0 = Release|x86
		{E6F09CB4-73AB-4415-B551-1C7BB344DDDB}.Release|x86.Deploy.0 = Release|x86
		{60722453-86BC-46CA-849E-925F01EFC1FE}.Ad-Hoc|Any CPU.ActiveCfg = Release|Any CPU
		{60722453-86BC-46CA-849E-925F01EFC1FE}.Ad-Hoc|Any CPU.Build.0 = Release|Any CPU
		{60722453-86BC-46CA-849E-925F01EFC1FE}.Ad-Hoc|ARM.ActiveCfg = Release|Any CPU
		{60722453-86BC-46CA-849E-925F01EFC1FE}.Ad-Hoc|ARM.Build.0 = Release|Any CPU
		{60722453-86BC-46CA-849E-925F01EFC1FE}.Ad-Hoc|iPhone.ActiveCfg = Release|Any CPU
		{60722453-86BC-46CA-849E-925F01EFC1FE}.Ad-Hoc|iPhone.Build.0 = Release|Any CPU
		{60722453-86BC-46CA-849E-925F01EFC1FE}.Ad-Hoc|iPhoneSimulator.ActiveCfg = Release|Any CPU
		{60722453-86BC-46CA-849E-925F01EFC1FE}.Ad-Hoc|iPhoneSimulator.Build.0 = Release|Any CPU
		{60722453-86BC-46CA-849E-925F01EFC1FE}.Ad-Hoc|x64.ActiveCfg = Release|Any CPU
		{60722453-86BC-46CA-849E-925F01EFC1FE}.Ad-Hoc|x64.Build.0 = Release|Any CPU
		{60722453-86BC-46CA-849E-925F01EFC1FE}.Ad-Hoc|x86.ActiveCfg = Release|Any CPU
		{60722453-86BC-46CA-849E-925F01EFC1FE}.Ad-Hoc|x86.Build.0 = Release|Any CPU
		{60722453-86BC-46CA-849E-925F01EFC1FE}.AppStore|Any CPU.ActiveCfg = Release|Any CPU
		{60722453-86BC-46CA-849E-925F01EFC1FE}.AppStore|Any CPU.Build.0 = Release|Any CPU
		{60722453-86BC-46CA-849E-925F01EFC1FE}.AppStore|ARM.ActiveCfg = Release|Any CPU
		{60722453-86BC-46CA-849E-925F01EFC1FE}.AppStore|ARM.Build.0 = Release|Any CPU
		{60722453-86BC-46CA-849E-925F01EFC1FE}.AppStore|iPhone.ActiveCfg = Release|Any CPU
		{60722453-86BC-46CA-849E-925F01EFC1FE}.AppStore|iPhone.Build.0 = Release|Any CPU
		{60722453-86BC-46CA-849E-925F01EFC1FE}.AppStore|iPhoneSimulator.ActiveCfg = Release|Any CPU
		{60722453-86BC-46CA-849E-925F01EFC1FE}.AppStore|iPhoneSimulator.Build.0 = Release|Any CPU
		{60722453-86BC-46CA-849E-925F01EFC1FE}.AppStore|x64.ActiveCfg = Release|Any CPU
		{60722453-86BC-46CA-849E-925F01EFC1FE}.AppStore|x64.Build.0 = Release|Any CPU
		{60722453-86BC-46CA-849E-925F01EFC1FE}.AppStore|x86.ActiveCfg = Release|Any CPU
		{60722453-86BC-46CA-849E-925F01EFC1FE}.AppStore|x86.Build.0 = Release|Any CPU
		{60722453-86BC-46CA-849E-925F01EFC1FE}.Debug|Any CPU.ActiveCfg = Debug|Any CPU
		{60722453-86BC-46CA-849E-925F01EFC1FE}.Debug|Any CPU.Build.0 = Debug|Any CPU
		{60722453-86BC-46CA-849E-925F01EFC1FE}.Debug|ARM.ActiveCfg = Debug|Any CPU
		{60722453-86BC-46CA-849E-925F01EFC1FE}.Debug|ARM.Build.0 = Debug|Any CPU
		{60722453-86BC-46CA-849E-925F01EFC1FE}.Debug|iPhone.ActiveCfg = Debug|Any CPU
		{60722453-86BC-46CA-849E-925F01EFC1FE}.Debug|iPhone.Build.0 = Debug|Any CPU
		{60722453-86BC-46CA-849E-925F01EFC1FE}.Debug|iPhoneSimulator.ActiveCfg = Debug|Any CPU
		{60722453-86BC-46CA-849E-925F01EFC1FE}.Debug|iPhoneSimulator.Build.0 = Debug|Any CPU
		{60722453-86BC-46CA-849E-925F01EFC1FE}.Debug|x64.ActiveCfg = Debug|Any CPU
		{60722453-86BC-46CA-849E-925F01EFC1FE}.Debug|x64.Build.0 = Debug|Any CPU
		{60722453-86BC-46CA-849E-925F01EFC1FE}.Debug|x86.ActiveCfg = Debug|Any CPU
		{60722453-86BC-46CA-849E-925F01EFC1FE}.Debug|x86.Build.0 = Debug|Any CPU
		{60722453-86BC-46CA-849E-925F01EFC1FE}.Release|Any CPU.ActiveCfg = Release|Any CPU
		{60722453-86BC-46CA-849E-925F01EFC1FE}.Release|Any CPU.Build.0 = Release|Any CPU
		{60722453-86BC-46CA-849E-925F01EFC1FE}.Release|ARM.ActiveCfg = Release|Any CPU
		{60722453-86BC-46CA-849E-925F01EFC1FE}.Release|ARM.Build.0 = Release|Any CPU
		{60722453-86BC-46CA-849E-925F01EFC1FE}.Release|iPhone.ActiveCfg = Release|Any CPU
		{60722453-86BC-46CA-849E-925F01EFC1FE}.Release|iPhone.Build.0 = Release|Any CPU
		{60722453-86BC-46CA-849E-925F01EFC1FE}.Release|iPhoneSimulator.ActiveCfg = Release|Any CPU
		{60722453-86BC-46CA-849E-925F01EFC1FE}.Release|iPhoneSimulator.Build.0 = Release|Any CPU
		{60722453-86BC-46CA-849E-925F01EFC1FE}.Release|x64.ActiveCfg = Release|Any CPU
		{60722453-86BC-46CA-849E-925F01EFC1FE}.Release|x64.Build.0 = Release|Any CPU
		{60722453-86BC-46CA-849E-925F01EFC1FE}.Release|x86.ActiveCfg = Release|Any CPU
		{60722453-86BC-46CA-849E-925F01EFC1FE}.Release|x86.Build.0 = Release|Any CPU
		{99606B01-31EA-4169-90A8-B55F65D6488C}.Ad-Hoc|Any CPU.ActiveCfg = Release|Any CPU
		{99606B01-31EA-4169-90A8-B55F65D6488C}.Ad-Hoc|Any CPU.Build.0 = Release|Any CPU
		{99606B01-31EA-4169-90A8-B55F65D6488C}.Ad-Hoc|ARM.ActiveCfg = Release|Any CPU
		{99606B01-31EA-4169-90A8-B55F65D6488C}.Ad-Hoc|ARM.Build.0 = Release|Any CPU
		{99606B01-31EA-4169-90A8-B55F65D6488C}.Ad-Hoc|iPhone.ActiveCfg = Release|Any CPU
		{99606B01-31EA-4169-90A8-B55F65D6488C}.Ad-Hoc|iPhone.Build.0 = Release|Any CPU
		{99606B01-31EA-4169-90A8-B55F65D6488C}.Ad-Hoc|iPhoneSimulator.ActiveCfg = Release|Any CPU
		{99606B01-31EA-4169-90A8-B55F65D6488C}.Ad-Hoc|iPhoneSimulator.Build.0 = Release|Any CPU
		{99606B01-31EA-4169-90A8-B55F65D6488C}.Ad-Hoc|x64.ActiveCfg = Release|Any CPU
		{99606B01-31EA-4169-90A8-B55F65D6488C}.Ad-Hoc|x64.Build.0 = Release|Any CPU
		{99606B01-31EA-4169-90A8-B55F65D6488C}.Ad-Hoc|x86.ActiveCfg = Release|Any CPU
		{99606B01-31EA-4169-90A8-B55F65D6488C}.Ad-Hoc|x86.Build.0 = Release|Any CPU
		{99606B01-31EA-4169-90A8-B55F65D6488C}.AppStore|Any CPU.ActiveCfg = Release|Any CPU
		{99606B01-31EA-4169-90A8-B55F65D6488C}.AppStore|Any CPU.Build.0 = Release|Any CPU
		{99606B01-31EA-4169-90A8-B55F65D6488C}.AppStore|ARM.ActiveCfg = Release|Any CPU
		{99606B01-31EA-4169-90A8-B55F65D6488C}.AppStore|ARM.Build.0 = Release|Any CPU
		{99606B01-31EA-4169-90A8-B55F65D6488C}.AppStore|iPhone.ActiveCfg = Release|Any CPU
		{99606B01-31EA-4169-90A8-B55F65D6488C}.AppStore|iPhone.Build.0 = Release|Any CPU
		{99606B01-31EA-4169-90A8-B55F65D6488C}.AppStore|iPhoneSimulator.ActiveCfg = Release|Any CPU
		{99606B01-31EA-4169-90A8-B55F65D6488C}.AppStore|iPhoneSimulator.Build.0 = Release|Any CPU
		{99606B01-31EA-4169-90A8-B55F65D6488C}.AppStore|x64.ActiveCfg = Release|Any CPU
		{99606B01-31EA-4169-90A8-B55F65D6488C}.AppStore|x64.Build.0 = Release|Any CPU
		{99606B01-31EA-4169-90A8-B55F65D6488C}.AppStore|x86.ActiveCfg = Release|Any CPU
		{99606B01-31EA-4169-90A8-B55F65D6488C}.AppStore|x86.Build.0 = Release|Any CPU
		{99606B01-31EA-4169-90A8-B55F65D6488C}.Debug|Any CPU.ActiveCfg = Debug|Any CPU
		{99606B01-31EA-4169-90A8-B55F65D6488C}.Debug|Any CPU.Build.0 = Debug|Any CPU
		{99606B01-31EA-4169-90A8-B55F65D6488C}.Debug|ARM.ActiveCfg = Debug|Any CPU
		{99606B01-31EA-4169-90A8-B55F65D6488C}.Debug|ARM.Build.0 = Debug|Any CPU
		{99606B01-31EA-4169-90A8-B55F65D6488C}.Debug|iPhone.ActiveCfg = Debug|Any CPU
		{99606B01-31EA-4169-90A8-B55F65D6488C}.Debug|iPhone.Build.0 = Debug|Any CPU
		{99606B01-31EA-4169-90A8-B55F65D6488C}.Debug|iPhoneSimulator.ActiveCfg = Debug|Any CPU
		{99606B01-31EA-4169-90A8-B55F65D6488C}.Debug|iPhoneSimulator.Build.0 = Debug|Any CPU
		{99606B01-31EA-4169-90A8-B55F65D6488C}.Debug|x64.ActiveCfg = Debug|Any CPU
		{99606B01-31EA-4169-90A8-B55F65D6488C}.Debug|x64.Build.0 = Debug|Any CPU
		{99606B01-31EA-4169-90A8-B55F65D6488C}.Debug|x86.ActiveCfg = Debug|Any CPU
		{99606B01-31EA-4169-90A8-B55F65D6488C}.Debug|x86.Build.0 = Debug|Any CPU
		{99606B01-31EA-4169-90A8-B55F65D6488C}.Release|Any CPU.ActiveCfg = Release|Any CPU
		{99606B01-31EA-4169-90A8-B55F65D6488C}.Release|Any CPU.Build.0 = Release|Any CPU
		{99606B01-31EA-4169-90A8-B55F65D6488C}.Release|ARM.ActiveCfg = Release|Any CPU
		{99606B01-31EA-4169-90A8-B55F65D6488C}.Release|ARM.Build.0 = Release|Any CPU
		{99606B01-31EA-4169-90A8-B55F65D6488C}.Release|iPhone.ActiveCfg = Release|Any CPU
		{99606B01-31EA-4169-90A8-B55F65D6488C}.Release|iPhone.Build.0 = Release|Any CPU
		{99606B01-31EA-4169-90A8-B55F65D6488C}.Release|iPhoneSimulator.ActiveCfg = Release|Any CPU
		{99606B01-31EA-4169-90A8-B55F65D6488C}.Release|iPhoneSimulator.Build.0 = Release|Any CPU
		{99606B01-31EA-4169-90A8-B55F65D6488C}.Release|x64.ActiveCfg = Release|Any CPU
		{99606B01-31EA-4169-90A8-B55F65D6488C}.Release|x64.Build.0 = Release|Any CPU
		{99606B01-31EA-4169-90A8-B55F65D6488C}.Release|x86.ActiveCfg = Release|Any CPU
		{99606B01-31EA-4169-90A8-B55F65D6488C}.Release|x86.Build.0 = Release|Any CPU
		{D777C3DB-B175-4608-B2EB-787AE6BB9054}.Ad-Hoc|Any CPU.ActiveCfg = Release|Any CPU
		{D777C3DB-B175-4608-B2EB-787AE6BB9054}.Ad-Hoc|Any CPU.Build.0 = Release|Any CPU
		{D777C3DB-B175-4608-B2EB-787AE6BB9054}.Ad-Hoc|ARM.ActiveCfg = Release|Any CPU
		{D777C3DB-B175-4608-B2EB-787AE6BB9054}.Ad-Hoc|ARM.Build.0 = Release|Any CPU
		{D777C3DB-B175-4608-B2EB-787AE6BB9054}.Ad-Hoc|iPhone.ActiveCfg = Release|Any CPU
		{D777C3DB-B175-4608-B2EB-787AE6BB9054}.Ad-Hoc|iPhone.Build.0 = Release|Any CPU
		{D777C3DB-B175-4608-B2EB-787AE6BB9054}.Ad-Hoc|iPhoneSimulator.ActiveCfg = Release|Any CPU
		{D777C3DB-B175-4608-B2EB-787AE6BB9054}.Ad-Hoc|iPhoneSimulator.Build.0 = Release|Any CPU
		{D777C3DB-B175-4608-B2EB-787AE6BB9054}.Ad-Hoc|x64.ActiveCfg = Release|Any CPU
		{D777C3DB-B175-4608-B2EB-787AE6BB9054}.Ad-Hoc|x64.Build.0 = Release|Any CPU
		{D777C3DB-B175-4608-B2EB-787AE6BB9054}.Ad-Hoc|x86.ActiveCfg = Release|Any CPU
		{D777C3DB-B175-4608-B2EB-787AE6BB9054}.Ad-Hoc|x86.Build.0 = Release|Any CPU
		{D777C3DB-B175-4608-B2EB-787AE6BB9054}.AppStore|Any CPU.ActiveCfg = Release|Any CPU
		{D777C3DB-B175-4608-B2EB-787AE6BB9054}.AppStore|Any CPU.Build.0 = Release|Any CPU
		{D777C3DB-B175-4608-B2EB-787AE6BB9054}.AppStore|ARM.ActiveCfg = Release|Any CPU
		{D777C3DB-B175-4608-B2EB-787AE6BB9054}.AppStore|ARM.Build.0 = Release|Any CPU
		{D777C3DB-B175-4608-B2EB-787AE6BB9054}.AppStore|iPhone.ActiveCfg = Release|Any CPU
		{D777C3DB-B175-4608-B2EB-787AE6BB9054}.AppStore|iPhone.Build.0 = Release|Any CPU
		{D777C3DB-B175-4608-B2EB-787AE6BB9054}.AppStore|iPhoneSimulator.ActiveCfg = Release|Any CPU
		{D777C3DB-B175-4608-B2EB-787AE6BB9054}.AppStore|iPhoneSimulator.Build.0 = Release|Any CPU
		{D777C3DB-B175-4608-B2EB-787AE6BB9054}.AppStore|x64.ActiveCfg = Release|Any CPU
		{D777C3DB-B175-4608-B2EB-787AE6BB9054}.AppStore|x64.Build.0 = Release|Any CPU
		{D777C3DB-B175-4608-B2EB-787AE6BB9054}.AppStore|x86.ActiveCfg = Release|Any CPU
		{D777C3DB-B175-4608-B2EB-787AE6BB9054}.AppStore|x86.Build.0 = Release|Any CPU
		{D777C3DB-B175-4608-B2EB-787AE6BB9054}.Debug|Any CPU.ActiveCfg = Debug|Any CPU
		{D777C3DB-B175-4608-B2EB-787AE6BB9054}.Debug|Any CPU.Build.0 = Debug|Any CPU
		{D777C3DB-B175-4608-B2EB-787AE6BB9054}.Debug|Any CPU.Deploy.0 = Debug|Any CPU
		{D777C3DB-B175-4608-B2EB-787AE6BB9054}.Debug|ARM.ActiveCfg = Debug|Any CPU
		{D777C3DB-B175-4608-B2EB-787AE6BB9054}.Debug|ARM.Build.0 = Debug|Any CPU
		{D777C3DB-B175-4608-B2EB-787AE6BB9054}.Debug|iPhone.ActiveCfg = Debug|Any CPU
		{D777C3DB-B175-4608-B2EB-787AE6BB9054}.Debug|iPhone.Build.0 = Debug|Any CPU
		{D777C3DB-B175-4608-B2EB-787AE6BB9054}.Debug|iPhoneSimulator.ActiveCfg = Debug|Any CPU
		{D777C3DB-B175-4608-B2EB-787AE6BB9054}.Debug|iPhoneSimulator.Build.0 = Debug|Any CPU
		{D777C3DB-B175-4608-B2EB-787AE6BB9054}.Debug|x64.ActiveCfg = Debug|Any CPU
		{D777C3DB-B175-4608-B2EB-787AE6BB9054}.Debug|x64.Build.0 = Debug|Any CPU
		{D777C3DB-B175-4608-B2EB-787AE6BB9054}.Debug|x86.ActiveCfg = Debug|Any CPU
		{D777C3DB-B175-4608-B2EB-787AE6BB9054}.Debug|x86.Build.0 = Debug|Any CPU
		{D777C3DB-B175-4608-B2EB-787AE6BB9054}.Release|Any CPU.ActiveCfg = Release|Any CPU
		{D777C3DB-B175-4608-B2EB-787AE6BB9054}.Release|Any CPU.Build.0 = Release|Any CPU
		{D777C3DB-B175-4608-B2EB-787AE6BB9054}.Release|Any CPU.Deploy.0 = Release|Any CPU
		{D777C3DB-B175-4608-B2EB-787AE6BB9054}.Release|ARM.ActiveCfg = Release|Any CPU
		{D777C3DB-B175-4608-B2EB-787AE6BB9054}.Release|ARM.Build.0 = Release|Any CPU
		{D777C3DB-B175-4608-B2EB-787AE6BB9054}.Release|iPhone.ActiveCfg = Release|Any CPU
		{D777C3DB-B175-4608-B2EB-787AE6BB9054}.Release|iPhone.Build.0 = Release|Any CPU
		{D777C3DB-B175-4608-B2EB-787AE6BB9054}.Release|iPhoneSimulator.ActiveCfg = Release|Any CPU
		{D777C3DB-B175-4608-B2EB-787AE6BB9054}.Release|iPhoneSimulator.Build.0 = Release|Any CPU
		{D777C3DB-B175-4608-B2EB-787AE6BB9054}.Release|x64.ActiveCfg = Release|Any CPU
		{D777C3DB-B175-4608-B2EB-787AE6BB9054}.Release|x64.Build.0 = Release|Any CPU
		{D777C3DB-B175-4608-B2EB-787AE6BB9054}.Release|x86.ActiveCfg = Release|Any CPU
		{D777C3DB-B175-4608-B2EB-787AE6BB9054}.Release|x86.Build.0 = Release|Any CPU
		{2B7BBDF7-B1DB-445D-8BAF-DF895EA2165A}.Ad-Hoc|Any CPU.ActiveCfg = Release|Any CPU
		{2B7BBDF7-B1DB-445D-8BAF-DF895EA2165A}.Ad-Hoc|Any CPU.Build.0 = Release|Any CPU
		{2B7BBDF7-B1DB-445D-8BAF-DF895EA2165A}.Ad-Hoc|ARM.ActiveCfg = Release|Any CPU
		{2B7BBDF7-B1DB-445D-8BAF-DF895EA2165A}.Ad-Hoc|ARM.Build.0 = Release|Any CPU
		{2B7BBDF7-B1DB-445D-8BAF-DF895EA2165A}.Ad-Hoc|iPhone.ActiveCfg = Release|Any CPU
		{2B7BBDF7-B1DB-445D-8BAF-DF895EA2165A}.Ad-Hoc|iPhone.Build.0 = Release|Any CPU
		{2B7BBDF7-B1DB-445D-8BAF-DF895EA2165A}.Ad-Hoc|iPhoneSimulator.ActiveCfg = Release|Any CPU
		{2B7BBDF7-B1DB-445D-8BAF-DF895EA2165A}.Ad-Hoc|iPhoneSimulator.Build.0 = Release|Any CPU
		{2B7BBDF7-B1DB-445D-8BAF-DF895EA2165A}.Ad-Hoc|x64.ActiveCfg = Release|Any CPU
		{2B7BBDF7-B1DB-445D-8BAF-DF895EA2165A}.Ad-Hoc|x64.Build.0 = Release|Any CPU
		{2B7BBDF7-B1DB-445D-8BAF-DF895EA2165A}.Ad-Hoc|x86.ActiveCfg = Release|Any CPU
		{2B7BBDF7-B1DB-445D-8BAF-DF895EA2165A}.Ad-Hoc|x86.Build.0 = Release|Any CPU
		{2B7BBDF7-B1DB-445D-8BAF-DF895EA2165A}.AppStore|Any CPU.ActiveCfg = Release|Any CPU
		{2B7BBDF7-B1DB-445D-8BAF-DF895EA2165A}.AppStore|Any CPU.Build.0 = Release|Any CPU
		{2B7BBDF7-B1DB-445D-8BAF-DF895EA2165A}.AppStore|ARM.ActiveCfg = Release|Any CPU
		{2B7BBDF7-B1DB-445D-8BAF-DF895EA2165A}.AppStore|ARM.Build.0 = Release|Any CPU
		{2B7BBDF7-B1DB-445D-8BAF-DF895EA2165A}.AppStore|iPhone.ActiveCfg = Release|Any CPU
		{2B7BBDF7-B1DB-445D-8BAF-DF895EA2165A}.AppStore|iPhone.Build.0 = Release|Any CPU
		{2B7BBDF7-B1DB-445D-8BAF-DF895EA2165A}.AppStore|iPhoneSimulator.ActiveCfg = Release|Any CPU
		{2B7BBDF7-B1DB-445D-8BAF-DF895EA2165A}.AppStore|iPhoneSimulator.Build.0 = Release|Any CPU
		{2B7BBDF7-B1DB-445D-8BAF-DF895EA2165A}.AppStore|x64.ActiveCfg = Release|Any CPU
		{2B7BBDF7-B1DB-445D-8BAF-DF895EA2165A}.AppStore|x64.Build.0 = Release|Any CPU
		{2B7BBDF7-B1DB-445D-8BAF-DF895EA2165A}.AppStore|x86.ActiveCfg = Release|Any CPU
		{2B7BBDF7-B1DB-445D-8BAF-DF895EA2165A}.AppStore|x86.Build.0 = Release|Any CPU
		{2B7BBDF7-B1DB-445D-8BAF-DF895EA2165A}.Debug|Any CPU.ActiveCfg = Debug|Any CPU
		{2B7BBDF7-B1DB-445D-8BAF-DF895EA2165A}.Debug|Any CPU.Build.0 = Debug|Any CPU
		{2B7BBDF7-B1DB-445D-8BAF-DF895EA2165A}.Debug|ARM.ActiveCfg = Debug|Any CPU
		{2B7BBDF7-B1DB-445D-8BAF-DF895EA2165A}.Debug|ARM.Build.0 = Debug|Any CPU
		{2B7BBDF7-B1DB-445D-8BAF-DF895EA2165A}.Debug|iPhone.ActiveCfg = Debug|Any CPU
		{2B7BBDF7-B1DB-445D-8BAF-DF895EA2165A}.Debug|iPhone.Build.0 = Debug|Any CPU
		{2B7BBDF7-B1DB-445D-8BAF-DF895EA2165A}.Debug|iPhoneSimulator.ActiveCfg = Debug|Any CPU
		{2B7BBDF7-B1DB-445D-8BAF-DF895EA2165A}.Debug|iPhoneSimulator.Build.0 = Debug|Any CPU
		{2B7BBDF7-B1DB-445D-8BAF-DF895EA2165A}.Debug|x64.ActiveCfg = Debug|Any CPU
		{2B7BBDF7-B1DB-445D-8BAF-DF895EA2165A}.Debug|x64.Build.0 = Debug|Any CPU
		{2B7BBDF7-B1DB-445D-8BAF-DF895EA2165A}.Debug|x86.ActiveCfg = Debug|Any CPU
		{2B7BBDF7-B1DB-445D-8BAF-DF895EA2165A}.Debug|x86.Build.0 = Debug|Any CPU
		{2B7BBDF7-B1DB-445D-8BAF-DF895EA2165A}.Release|Any CPU.ActiveCfg = Release|Any CPU
		{2B7BBDF7-B1DB-445D-8BAF-DF895EA2165A}.Release|Any CPU.Build.0 = Release|Any CPU
		{2B7BBDF7-B1DB-445D-8BAF-DF895EA2165A}.Release|ARM.ActiveCfg = Release|Any CPU
		{2B7BBDF7-B1DB-445D-8BAF-DF895EA2165A}.Release|ARM.Build.0 = Release|Any CPU
		{2B7BBDF7-B1DB-445D-8BAF-DF895EA2165A}.Release|iPhone.ActiveCfg = Release|Any CPU
		{2B7BBDF7-B1DB-445D-8BAF-DF895EA2165A}.Release|iPhone.Build.0 = Release|Any CPU
		{2B7BBDF7-B1DB-445D-8BAF-DF895EA2165A}.Release|iPhoneSimulator.ActiveCfg = Release|Any CPU
		{2B7BBDF7-B1DB-445D-8BAF-DF895EA2165A}.Release|iPhoneSimulator.Build.0 = Release|Any CPU
		{2B7BBDF7-B1DB-445D-8BAF-DF895EA2165A}.Release|x64.ActiveCfg = Release|Any CPU
		{2B7BBDF7-B1DB-445D-8BAF-DF895EA2165A}.Release|x64.Build.0 = Release|Any CPU
		{2B7BBDF7-B1DB-445D-8BAF-DF895EA2165A}.Release|x86.ActiveCfg = Release|Any CPU
		{2B7BBDF7-B1DB-445D-8BAF-DF895EA2165A}.Release|x86.Build.0 = Release|Any CPU
		{BB2B3428-1632-48C1-8455-0CEEDDEE4DF2}.Ad-Hoc|Any CPU.ActiveCfg = Release|x64
		{BB2B3428-1632-48C1-8455-0CEEDDEE4DF2}.Ad-Hoc|Any CPU.Build.0 = Release|x64
		{BB2B3428-1632-48C1-8455-0CEEDDEE4DF2}.Ad-Hoc|Any CPU.Deploy.0 = Release|x64
		{BB2B3428-1632-48C1-8455-0CEEDDEE4DF2}.Ad-Hoc|ARM.ActiveCfg = Release|ARM
		{BB2B3428-1632-48C1-8455-0CEEDDEE4DF2}.Ad-Hoc|ARM.Build.0 = Release|ARM
		{BB2B3428-1632-48C1-8455-0CEEDDEE4DF2}.Ad-Hoc|ARM.Deploy.0 = Release|ARM
		{BB2B3428-1632-48C1-8455-0CEEDDEE4DF2}.Ad-Hoc|ARM64.ActiveCfg = Release|ARM64
		{BB2B3428-1632-48C1-8455-0CEEDDEE4DF2}.Ad-Hoc|ARM64.Build.0 = Release|ARM64
		{BB2B3428-1632-48C1-8455-0CEEDDEE4DF2}.Ad-Hoc|ARM64.Deploy.0 = Release|ARM64
		{BB2B3428-1632-48C1-8455-0CEEDDEE4DF2}.Ad-Hoc|iPhone.ActiveCfg = Release|x64
		{BB2B3428-1632-48C1-8455-0CEEDDEE4DF2}.Ad-Hoc|iPhone.Build.0 = Release|x64
		{BB2B3428-1632-48C1-8455-0CEEDDEE4DF2}.Ad-Hoc|iPhone.Deploy.0 = Release|x64
		{BB2B3428-1632-48C1-8455-0CEEDDEE4DF2}.Ad-Hoc|iPhoneSimulator.ActiveCfg = Release|x64
		{BB2B3428-1632-48C1-8455-0CEEDDEE4DF2}.Ad-Hoc|iPhoneSimulator.Build.0 = Release|x64
		{BB2B3428-1632-48C1-8455-0CEEDDEE4DF2}.Ad-Hoc|iPhoneSimulator.Deploy.0 = Release|x64
		{BB2B3428-1632-48C1-8455-0CEEDDEE4DF2}.Ad-Hoc|x64.ActiveCfg = Release|x64
		{BB2B3428-1632-48C1-8455-0CEEDDEE4DF2}.Ad-Hoc|x64.Build.0 = Release|x64
		{BB2B3428-1632-48C1-8455-0CEEDDEE4DF2}.Ad-Hoc|x64.Deploy.0 = Release|x64
		{BB2B3428-1632-48C1-8455-0CEEDDEE4DF2}.Ad-Hoc|x86.ActiveCfg = Release|x86
		{BB2B3428-1632-48C1-8455-0CEEDDEE4DF2}.Ad-Hoc|x86.Build.0 = Release|x86
		{BB2B3428-1632-48C1-8455-0CEEDDEE4DF2}.Ad-Hoc|x86.Deploy.0 = Release|x86
		{BB2B3428-1632-48C1-8455-0CEEDDEE4DF2}.AppStore|Any CPU.ActiveCfg = Release|x64
		{BB2B3428-1632-48C1-8455-0CEEDDEE4DF2}.AppStore|Any CPU.Build.0 = Release|x64
		{BB2B3428-1632-48C1-8455-0CEEDDEE4DF2}.AppStore|Any CPU.Deploy.0 = Release|x64
		{BB2B3428-1632-48C1-8455-0CEEDDEE4DF2}.AppStore|ARM.ActiveCfg = Release|ARM
		{BB2B3428-1632-48C1-8455-0CEEDDEE4DF2}.AppStore|ARM.Build.0 = Release|ARM
		{BB2B3428-1632-48C1-8455-0CEEDDEE4DF2}.AppStore|ARM.Deploy.0 = Release|ARM
		{BB2B3428-1632-48C1-8455-0CEEDDEE4DF2}.AppStore|ARM64.ActiveCfg = Release|ARM64
		{BB2B3428-1632-48C1-8455-0CEEDDEE4DF2}.AppStore|ARM64.Build.0 = Release|ARM64
		{BB2B3428-1632-48C1-8455-0CEEDDEE4DF2}.AppStore|ARM64.Deploy.0 = Release|ARM64
		{BB2B3428-1632-48C1-8455-0CEEDDEE4DF2}.AppStore|iPhone.ActiveCfg = Release|x64
		{BB2B3428-1632-48C1-8455-0CEEDDEE4DF2}.AppStore|iPhone.Build.0 = Release|x64
		{BB2B3428-1632-48C1-8455-0CEEDDEE4DF2}.AppStore|iPhone.Deploy.0 = Release|x64
		{BB2B3428-1632-48C1-8455-0CEEDDEE4DF2}.AppStore|iPhoneSimulator.ActiveCfg = Release|x64
		{BB2B3428-1632-48C1-8455-0CEEDDEE4DF2}.AppStore|iPhoneSimulator.Build.0 = Release|x64
		{BB2B3428-1632-48C1-8455-0CEEDDEE4DF2}.AppStore|iPhoneSimulator.Deploy.0 = Release|x64
		{BB2B3428-1632-48C1-8455-0CEEDDEE4DF2}.AppStore|x64.ActiveCfg = Release|x64
		{BB2B3428-1632-48C1-8455-0CEEDDEE4DF2}.AppStore|x64.Build.0 = Release|x64
		{BB2B3428-1632-48C1-8455-0CEEDDEE4DF2}.AppStore|x64.Deploy.0 = Release|x64
		{BB2B3428-1632-48C1-8455-0CEEDDEE4DF2}.AppStore|x86.ActiveCfg = Release|x86
		{BB2B3428-1632-48C1-8455-0CEEDDEE4DF2}.AppStore|x86.Build.0 = Release|x86
		{BB2B3428-1632-48C1-8455-0CEEDDEE4DF2}.AppStore|x86.Deploy.0 = Release|x86
		{BB2B3428-1632-48C1-8455-0CEEDDEE4DF2}.Debug|Any CPU.ActiveCfg = Debug|x86
		{BB2B3428-1632-48C1-8455-0CEEDDEE4DF2}.Debug|ARM.ActiveCfg = Debug|ARM
		{BB2B3428-1632-48C1-8455-0CEEDDEE4DF2}.Debug|ARM.Build.0 = Debug|ARM
		{BB2B3428-1632-48C1-8455-0CEEDDEE4DF2}.Debug|ARM.Deploy.0 = Debug|ARM
		{BB2B3428-1632-48C1-8455-0CEEDDEE4DF2}.Debug|ARM64.ActiveCfg = Debug|ARM64
		{BB2B3428-1632-48C1-8455-0CEEDDEE4DF2}.Debug|ARM64.Build.0 = Debug|ARM64
		{BB2B3428-1632-48C1-8455-0CEEDDEE4DF2}.Debug|ARM64.Deploy.0 = Debug|ARM64
		{BB2B3428-1632-48C1-8455-0CEEDDEE4DF2}.Debug|iPhone.ActiveCfg = Debug|x86
		{BB2B3428-1632-48C1-8455-0CEEDDEE4DF2}.Debug|iPhoneSimulator.ActiveCfg = Debug|x86
		{BB2B3428-1632-48C1-8455-0CEEDDEE4DF2}.Debug|x64.ActiveCfg = Debug|x64
		{BB2B3428-1632-48C1-8455-0CEEDDEE4DF2}.Debug|x64.Build.0 = Debug|x64
		{BB2B3428-1632-48C1-8455-0CEEDDEE4DF2}.Debug|x64.Deploy.0 = Debug|x64
		{BB2B3428-1632-48C1-8455-0CEEDDEE4DF2}.Debug|x86.ActiveCfg = Debug|x86
		{BB2B3428-1632-48C1-8455-0CEEDDEE4DF2}.Debug|x86.Build.0 = Debug|x86
		{BB2B3428-1632-48C1-8455-0CEEDDEE4DF2}.Debug|x86.Deploy.0 = Debug|x86
		{BB2B3428-1632-48C1-8455-0CEEDDEE4DF2}.Release|Any CPU.ActiveCfg = Release|x86
		{BB2B3428-1632-48C1-8455-0CEEDDEE4DF2}.Release|ARM.ActiveCfg = Release|ARM
		{BB2B3428-1632-48C1-8455-0CEEDDEE4DF2}.Release|ARM.Build.0 = Release|ARM
		{BB2B3428-1632-48C1-8455-0CEEDDEE4DF2}.Release|ARM.Deploy.0 = Release|ARM
		{BB2B3428-1632-48C1-8455-0CEEDDEE4DF2}.Release|ARM64.ActiveCfg = Release|ARM64
		{BB2B3428-1632-48C1-8455-0CEEDDEE4DF2}.Release|ARM64.Build.0 = Release|ARM64
		{BB2B3428-1632-48C1-8455-0CEEDDEE4DF2}.Release|ARM64.Deploy.0 = Release|ARM64
		{BB2B3428-1632-48C1-8455-0CEEDDEE4DF2}.Release|iPhone.ActiveCfg = Release|x86
		{BB2B3428-1632-48C1-8455-0CEEDDEE4DF2}.Release|iPhoneSimulator.ActiveCfg = Release|x86
		{BB2B3428-1632-48C1-8455-0CEEDDEE4DF2}.Release|x64.ActiveCfg = Release|x64
		{BB2B3428-1632-48C1-8455-0CEEDDEE4DF2}.Release|x64.Build.0 = Release|x64
		{BB2B3428-1632-48C1-8455-0CEEDDEE4DF2}.Release|x64.Deploy.0 = Release|x64
		{BB2B3428-1632-48C1-8455-0CEEDDEE4DF2}.Release|x86.ActiveCfg = Release|x86
		{BB2B3428-1632-48C1-8455-0CEEDDEE4DF2}.Release|x86.Build.0 = Release|x86
		{BB2B3428-1632-48C1-8455-0CEEDDEE4DF2}.Release|x86.Deploy.0 = Release|x86
	EndGlobalSection
	GlobalSection(SolutionProperties) = preSolution
		HideSolutionNode = FALSE
	EndGlobalSection
	GlobalSection(ExtensibilityGlobals) = postSolution
		SolutionGuid = {F6D05029-56B8-4E45-AF2D-0E76295DDBA2}
	EndGlobalSection
EndGlobal
